
Microsoft Visual Studio Solution File, Format Version 12.00
# Visual Studio 15
VisualStudioVersion = 15.0.28307.106
MinimumVisualStudioVersion = 10.0.40219.1
Project("{FAE04EC0-301F-11D3-BF4B-00C04F79EFBC}") = "Breweries", "Breweries\Breweries.csproj", "{181A014D-F025-4987-B402-04465351FE77}"
EndProject
Global
	GlobalSection(SolutionConfigurationPlatforms) = preSolution
		Debug|Any CPU = Debug|Any CPU
		Release|Any CPU = Release|Any CPU
	EndGlobalSection
	GlobalSection(ProjectConfigurationPlatforms) = postSolution
		{181A014D-F025-4987-B402-04465351FE77}.Debug|Any CPU.ActiveCfg = Debug|Any CPU
		{181A014D-F025-4987-B402-04465351FE77}.Debug|Any CPU.Build.0 = Debug|Any CPU
		{181A014D-F025-4987-B402-04465351FE77}.Release|Any CPU.ActiveCfg = Release|Any CPU
		{181A014D-F025-4987-B402-04465351FE77}.Release|Any CPU.Build.0 = Release|Any CPU
	EndGlobalSection
	GlobalSection(SolutionProperties) = preSolution
		HideSolutionNode = FALSE
	EndGlobalSection
	GlobalSection(ExtensibilityGlobals) = postSolution
		SolutionGuid = {6053AC33-3C69-4E2F-9F67-8B4DCB153A3A}
	EndGlobalSection
EndGlobal
